
Microsoft Visual Studio Solution File, Format Version 11.00
# Visual Studio 2010
Project("{FAE04EC0-301F-11D3-BF4B-00C04F79EFBC}") = "Arachno", "Assembly-CSharp.csproj", "{6B97A5CB-313E-A644-E972-D2555CF5BF31}"
EndProject
Project("{FAE04EC0-301F-11D3-BF4B-00C04F79EFBC}") = "Arachno", "Assembly-CSharp-Editor.csproj", "{1AF899F4-A747-83AC-5079-622B82CD8BC5}"
EndProject
Project("{FAE04EC0-301F-11D3-BF4B-00C04F79EFBC}") = "Arachno", "Assembly-UnityScript-Editor-firstpass.unityproj", "{822BFDEA-6B4D-1716-9671-3FBF5FE6C815}"
EndProject
Global
	GlobalSection(SolutionConfigurationPlatforms) = preSolution
		Debug|Any CPU = Debug|Any CPU
		Release|Any CPU = Release|Any CPU
	EndGlobalSection
	GlobalSection(ProjectConfigurationPlatforms) = postSolution
		{6B97A5CB-313E-A644-E972-D2555CF5BF31}.Debug|Any CPU.ActiveCfg = Debug|Any CPU
		{6B97A5CB-313E-A644-E972-D2555CF5BF31}.Debug|Any CPU.Build.0 = Debug|Any CPU
		{6B97A5CB-313E-A644-E972-D2555CF5BF31}.Release|Any CPU.ActiveCfg = Release|Any CPU
		{6B97A5CB-313E-A644-E972-D2555CF5BF31}.Release|Any CPU.Build.0 = Release|Any CPU
		{1AF899F4-A747-83AC-5079-622B82CD8BC5}.Debug|Any CPU.ActiveCfg = Debug|Any CPU
		{1AF899F4-A747-83AC-5079-622B82CD8BC5}.Debug|Any CPU.Build.0 = Debug|Any CPU
		{1AF899F4-A747-83AC-5079-622B82CD8BC5}.Release|Any CPU.ActiveCfg = Release|Any CPU
		{1AF899F4-A747-83AC-5079-622B82CD8BC5}.Release|Any CPU.Build.0 = Release|Any CPU
		{822BFDEA-6B4D-1716-9671-3FBF5FE6C815}.Debug|Any CPU.ActiveCfg = Debug|Any CPU
		{822BFDEA-6B4D-1716-9671-3FBF5FE6C815}.Debug|Any CPU.Build.0 = Debug|Any CPU
		{822BFDEA-6B4D-1716-9671-3FBF5FE6C815}.Release|Any CPU.ActiveCfg = Release|Any CPU
		{822BFDEA-6B4D-1716-9671-3FBF5FE6C815}.Release|Any CPU.Build.0 = Release|Any CPU
	EndGlobalSection
	GlobalSection(SolutionProperties) = preSolution
		HideSolutionNode = FALSE
	EndGlobalSection
	GlobalSection(MonoDevelopProperties) = preSolution
		StartupItem = Assembly-CSharp.csproj
	EndGlobalSection
EndGlobal
